#MicroXplorer Configuration settings - do not modify
ADC1.Channel-0\#ChannelRegularConversion=ADC_CHANNEL_4
ADC1.Channel-1\#ChannelRegularConversion=ADC_CHANNEL_2
ADC1.Channel-2\#ChannelRegularConversion=ADC_CHANNEL_7
ADC1.Channel-IN2=ADC_CHANNEL_2
ADC1.Channel-IN4=ADC_CHANNEL_4
ADC1.Channel-IN7=ADC_CHANNEL_7
ADC1.ClockPrescaler=ADC_CLOCK_SYNC_PCLK_DIV4
ADC1.CommonPathInternal=null|null|null|null
ADC1.ContinuousConvMode=DISABLE
ADC1.DMAContinuousRequests=DISABLE
ADC1.DataAlign=ADC_DATAALIGN_RIGHT
ADC1.DiscontinuousConvMode=DISABLE
ADC1.EOCSelection=ADC_EOC_SINGLE_CONV
ADC1.EnableAnalogWatchDog1=false
ADC1.EnableAnalogWatchDog2=false
ADC1.EnableAnalogWatchDog3=false
ADC1.EnableInjectedConversion=DISABLE
ADC1.EnableRegularConversion=ENABLE
ADC1.ExternalTrigConv=ADC_SOFTWARE_START
ADC1.ExternalTrigConvEdge=ADC_EXTERNALTRIGCONVEDGE_NONE
ADC1.GainCompensation=0
ADC1.IPParameters=Channel-IN2,Channel-IN4,Channel-IN7,Mode,ClockPrescaler,Resolution,DataAlign,GainCompensation,ScanConvMode,EOCSelection,LowPowerAutoWait,ContinuousConvMode,DiscontinuousConvMode,DMAContinuousRequests,Overrun,EnableRegularConversion,OversamplingMode,NbrOfConversion,ExternalTrigConv,ExternalTrigConvEdge,EnableInjectedConversion,EnableAnalogWatchDog1,EnableAnalogWatchDog2,EnableAnalogWatchDog3,Rank-0\#ChannelRegularConversion,Channel-0\#ChannelRegularConversion,SamplingTime-0\#ChannelRegularConversion,OffsetNumber-0\#ChannelRegularConversion,Rank-1\#ChannelRegularConversion,Channel-1\#ChannelRegularConversion,SamplingTime-1\#ChannelRegularConversion,OffsetNumber-1\#ChannelRegularConversion,Rank-2\#ChannelRegularConversion,Channel-2\#ChannelRegularConversion,SamplingTime-2\#ChannelRegularConversion,OffsetNumber-2\#ChannelRegularConversion,master,CommonPathInternal
ADC1.LowPowerAutoWait=DISABLE
ADC1.Mode=ADC_MODE_INDEPENDENT
ADC1.NbrOfConversion=3
ADC1.OffsetNumber-0\#ChannelRegularConversion=ADC_OFFSET_NONE
ADC1.OffsetNumber-1\#ChannelRegularConversion=ADC_OFFSET_NONE
ADC1.OffsetNumber-2\#ChannelRegularConversion=ADC_OFFSET_NONE
ADC1.Overrun=ADC_OVR_DATA_PRESERVED
ADC1.OversamplingMode=DISABLE
ADC1.Rank-0\#ChannelRegularConversion=1
ADC1.Rank-1\#ChannelRegularConversion=2
ADC1.Rank-2\#ChannelRegularConversion=3
ADC1.Resolution=ADC_RESOLUTION_12B
ADC1.SamplingTime-0\#ChannelRegularConversion=ADC_SAMPLETIME_47CYCLES_5
ADC1.SamplingTime-1\#ChannelRegularConversion=ADC_SAMPLETIME_47CYCLES_5
ADC1.SamplingTime-2\#ChannelRegularConversion=ADC_SAMPLETIME_47CYCLES_5
ADC1.ScanConvMode=ADC_SCAN_ENABLE
ADC1.master=1
ADC2.Channel-0\#ChannelRegularConversion=ADC_CHANNEL_3
ADC2.Channel-1\#ChannelRegularConversion=ADC_CHANNEL_4
ADC2.Channel-2\#ChannelRegularConversion=ADC_CHANNEL_13
ADC2.Channel-3\#ChannelRegularConversion=ADC_CHANNEL_17
ADC2.Channel-IN13=ADC_CHANNEL_13
ADC2.Channel-IN17=ADC_CHANNEL_17
ADC2.Channel-IN3=ADC_CHANNEL_3
ADC2.Channel-IN4=ADC_CHANNEL_4
ADC2.ClockPrescaler=ADC_CLOCK_SYNC_PCLK_DIV4
ADC2.CommonPathInternal=null|null|null|null
ADC2.ContinuousConvMode=DISABLE
ADC2.DMAContinuousRequests=DISABLE
ADC2.DataAlign=ADC_DATAALIGN_RIGHT
ADC2.DiscontinuousConvMode=DISABLE
ADC2.EOCSelection=ADC_EOC_SINGLE_CONV
ADC2.EnableAnalogWatchDog1=false
ADC2.EnableAnalogWatchDog2=false
ADC2.EnableAnalogWatchDog3=false
ADC2.EnableInjectedConversion=DISABLE
ADC2.EnableRegularConversion=ENABLE
ADC2.ExternalTrigConv=ADC_SOFTWARE_START
ADC2.ExternalTrigConvEdge=ADC_EXTERNALTRIGCONVEDGE_NONE
ADC2.GainCompensation=0
ADC2.IPParameters=Channel-IN3,Channel-IN4,Channel-IN13,Channel-IN17,Mode,ClockPrescaler,Resolution,DataAlign,GainCompensation,ScanConvMode,EOCSelection,LowPowerAutoWait,ContinuousConvMode,DiscontinuousConvMode,DMAContinuousRequests,Overrun,EnableRegularConversion,OversamplingMode,NbrOfConversion,ExternalTrigConv,ExternalTrigConvEdge,EnableInjectedConversion,EnableAnalogWatchDog1,EnableAnalogWatchDog2,EnableAnalogWatchDog3,Rank-0\#ChannelRegularConversion,Channel-0\#ChannelRegularConversion,SamplingTime-0\#ChannelRegularConversion,OffsetNumber-0\#ChannelRegularConversion,Rank-1\#ChannelRegularConversion,Channel-1\#ChannelRegularConversion,SamplingTime-1\#ChannelRegularConversion,OffsetNumber-1\#ChannelRegularConversion,Rank-2\#ChannelRegularConversion,Channel-2\#ChannelRegularConversion,SamplingTime-2\#ChannelRegularConversion,OffsetNumber-2\#ChannelRegularConversion,Rank-3\#ChannelRegularConversion,Channel-3\#ChannelRegularConversion,SamplingTime-3\#ChannelRegularConversion,OffsetNumber-3\#ChannelRegularConversion,CommonPathInternal
ADC2.LowPowerAutoWait=DISABLE
ADC2.Mode=ADC_MODE_INDEPENDENT
ADC2.NbrOfConversion=4
ADC2.OffsetNumber-0\#ChannelRegularConversion=ADC_OFFSET_NONE
ADC2.OffsetNumber-1\#ChannelRegularConversion=ADC_OFFSET_NONE
ADC2.OffsetNumber-2\#ChannelRegularConversion=ADC_OFFSET_NONE
ADC2.OffsetNumber-3\#ChannelRegularConversion=ADC_OFFSET_NONE
ADC2.Overrun=ADC_OVR_DATA_PRESERVED
ADC2.OversamplingMode=DISABLE
ADC2.Rank-0\#ChannelRegularConversion=1
ADC2.Rank-1\#ChannelRegularConversion=2
ADC2.Rank-2\#ChannelRegularConversion=3
ADC2.Rank-3\#ChannelRegularConversion=4
ADC2.Resolution=ADC_RESOLUTION_12B
ADC2.SamplingTime-0\#ChannelRegularConversion=ADC_SAMPLETIME_47CYCLES_5
ADC2.SamplingTime-1\#ChannelRegularConversion=ADC_SAMPLETIME_47CYCLES_5
ADC2.SamplingTime-2\#ChannelRegularConversion=ADC_SAMPLETIME_47CYCLES_5
ADC2.SamplingTime-3\#ChannelRegularConversion=ADC_SAMPLETIME_47CYCLES_5
ADC2.ScanConvMode=ADC_SCAN_ENABLE
COMP1.BlankingSrce=COMP_BLANKINGSRC_NONE
COMP1.Hysteresis=COMP_HYSTERESIS_LOW
COMP1.IPParameters=TriggerMode,Hysteresis,BlankingSrce,OutputPol
COMP1.OutputPol=COMP_OUTPUTPOL_NONINVERTED
COMP1.TriggerMode=COMP_TRIGGERMODE_NONE
COMP2.BlankingSrce=COMP_BLANKINGSRC_NONE
COMP2.Hysteresis=COMP_HYSTERESIS_LOW
COMP2.IPParameters=TriggerMode,Hysteresis,BlankingSrce,OutputPol
COMP2.OutputPol=COMP_OUTPUTPOL_NONINVERTED
COMP2.TriggerMode=COMP_TRIGGERMODE_NONE
COMP3.BlankingSrce=COMP_BLANKINGSRC_NONE
COMP3.Hysteresis=COMP_HYSTERESIS_LOW
COMP3.IPParameters=TriggerMode,Hysteresis,BlankingSrce,OutputPol
COMP3.OutputPol=COMP_OUTPUTPOL_NONINVERTED
COMP3.TriggerMode=COMP_TRIGGERMODE_NONE
FDCAN1.AutoRetransmission=DISABLE
FDCAN1.CalculateBaudRateNominal=2125000
FDCAN1.CalculateTimeBitNominal=470
FDCAN1.CalculateTimeQuantumNominal=94.11764705882354
FDCAN1.ClockDivider=FDCAN_CLOCK_DIV1
FDCAN1.DataPrescaler=1
FDCAN1.DataSyncJumpWidth=1
FDCAN1.DataTimeSeg1=1
FDCAN1.DataTimeSeg2=1
FDCAN1.ExtFiltersNbr=0
FDCAN1.FrameFormat=FDCAN_FRAME_CLASSIC
FDCAN1.IPParameters=ClockDivider,FrameFormat,Mode,AutoRetransmission,TransmitPause,ProtocolException,NominalSyncJumpWidth,DataPrescaler,DataSyncJumpWidth,DataTimeSeg1,DataTimeSeg2,StdFiltersNbr,ExtFiltersNbr,TxFifoQueueMode,NominalPrescaler,NominalTimeSeg1,NominalTimeSeg2,CalculateTimeQuantumNominal,CalculateTimeBitNominal,CalculateBaudRateNominal
FDCAN1.Mode=FDCAN_MODE_NORMAL
FDCAN1.NominalPrescaler=16
FDCAN1.NominalSyncJumpWidth=1
FDCAN1.NominalTimeSeg1=2
FDCAN1.NominalTimeSeg2=2
FDCAN1.ProtocolException=DISABLE
FDCAN1.StdFiltersNbr=0
FDCAN1.TransmitPause=DISABLE
FDCAN1.TxFifoQueueMode=FDCAN_TX_FIFO_OPERATION
FREERTOS.HEAP_NUMBER=4
FREERTOS.INCLUDE_eTaskGetState=1
FREERTOS.INCLUDE_pcTaskGetTaskName=0
FREERTOS.INCLUDE_uxTaskGetStackHighWaterMark=1
FREERTOS.INCLUDE_uxTaskGetStackHighWaterMark2=0
FREERTOS.INCLUDE_uxTaskPriorityGet=1
FREERTOS.INCLUDE_vTaskCleanUpResources=0
FREERTOS.INCLUDE_vTaskDelay=1
FREERTOS.INCLUDE_vTaskDelayUntil=1
FREERTOS.INCLUDE_vTaskDelete=1
FREERTOS.INCLUDE_vTaskPrioritySet=1
FREERTOS.INCLUDE_vTaskSuspend=1
FREERTOS.INCLUDE_xEventGroupSetBitFromISR=0
FREERTOS.INCLUDE_xQueueGetMutexHolder=1
FREERTOS.INCLUDE_xSemaphoreGetMutexHolder=0
FREERTOS.INCLUDE_xTaskAbortDelay=0
FREERTOS.INCLUDE_xTaskGetCurrentTaskHandle=1
FREERTOS.INCLUDE_xTaskGetHandle=0
FREERTOS.INCLUDE_xTaskGetSchedulerState=1
FREERTOS.INCLUDE_xTaskResumeFromISR=1
FREERTOS.INCLUDE_xTimerPendFunctionCall=1
FREERTOS.IPParameters=Tasks01,configENABLE_FPU,configUSE_PREEMPTION,configTICK_RATE_HZ,configMINIMAL_STACK_SIZE,configMAX_TASK_NAME_LEN,configIDLE_SHOULD_YIELD,configUSE_MUTEXES,configUSE_RECURSIVE_MUTEXES,configUSE_COUNTING_SEMAPHORES,configQUEUE_REGISTRY_SIZE,configUSE_APPLICATION_TASK_TAG,configTOTAL_HEAP_SIZE,HEAP_NUMBER,configUSE_IDLE_HOOK,configUSE_TICK_HOOK,configUSE_MALLOC_FAILED_HOOK,configUSE_DAEMON_TASK_STARTUP_HOOK,configCHECK_FOR_STACK_OVERFLOW,configGENERATE_RUN_TIME_STATS,configUSE_TRACE_FACILITY,configUSE_STATS_FORMATTING_FUNCTIONS,configUSE_CO_ROUTINES,configMAX_CO_ROUTINE_PRIORITIES,configTIMER_TASK_PRIORITY,configTIMER_QUEUE_LENGTH,configTIMER_TASK_STACK_DEPTH,configLIBRARY_LOWEST_INTERRUPT_PRIORITY,configLIBRARY_MAX_SYSCALL_INTERRUPT_PRIORITY,INCLUDE_vTaskPrioritySet,INCLUDE_uxTaskPriorityGet,INCLUDE_vTaskDelete,INCLUDE_vTaskCleanUpResources,INCLUDE_vTaskSuspend,INCLUDE_vTaskDelayUntil,INCLUDE_vTaskDelay,INCLUDE_xTaskGetSchedulerState,INCLUDE_xTaskResumeFromISR,INCLUDE_xQueueGetMutexHolder,INCLUDE_xSemaphoreGetMutexHolder,INCLUDE_pcTaskGetTaskName,INCLUDE_uxTaskGetStackHighWaterMark,INCLUDE_xTaskGetCurrentTaskHandle,INCLUDE_eTaskGetState,INCLUDE_xEventGroupSetBitFromISR,INCLUDE_xTimerPendFunctionCall,configENABLE_BACKWARD_COMPATIBILITY,configUSE_TICKLESS_IDLE,configUSE_TASK_NOTIFICATIONS,INCLUDE_xTaskAbortDelay,INCLUDE_xTaskGetHandle,configRECORD_STACK_HIGH_ADDRESS,configUSE_NEWLIB_REENTRANT,copyHeapFile,INCLUDE_uxTaskGetStackHighWaterMark2,configUSE_POSIX_ERRNO,configUSE_OS2_THREAD_SUSPEND_RESUME,configUSE_OS2_THREAD_ENUMERATE,configUSE_OS2_EVENTFLAGS_FROM_ISR,configUSE_OS2_THREAD_FLAGS,configUSE_OS2_TIMER,configUSE_OS2_MUTEX
FREERTOS.Tasks01=defaultTask,24,128,StartDefaultTask,Default,NULL,Dynamic,NULL,NULL
FREERTOS.configCHECK_FOR_STACK_OVERFLOW=0
FREERTOS.configENABLE_BACKWARD_COMPATIBILITY=1
FREERTOS.configENABLE_FPU=0
FREERTOS.configGENERATE_RUN_TIME_STATS=0
FREERTOS.configIDLE_SHOULD_YIELD=1
FREERTOS.configLIBRARY_LOWEST_INTERRUPT_PRIORITY=15
FREERTOS.configLIBRARY_MAX_SYSCALL_INTERRUPT_PRIORITY=5
FREERTOS.configMAX_CO_ROUTINE_PRIORITIES=2
FREERTOS.configMAX_TASK_NAME_LEN=16
FREERTOS.configMINIMAL_STACK_SIZE=128
FREERTOS.configQUEUE_REGISTRY_SIZE=8
FREERTOS.configRECORD_STACK_HIGH_ADDRESS=0
FREERTOS.configTICK_RATE_HZ=1000
FREERTOS.configTIMER_QUEUE_LENGTH=10
FREERTOS.configTIMER_TASK_PRIORITY=2
FREERTOS.configTIMER_TASK_STACK_DEPTH=256
FREERTOS.configTOTAL_HEAP_SIZE=3072
FREERTOS.configUSE_APPLICATION_TASK_TAG=0
FREERTOS.configUSE_COUNTING_SEMAPHORES=1
FREERTOS.configUSE_CO_ROUTINES=0
FREERTOS.configUSE_DAEMON_TASK_STARTUP_HOOK=0
FREERTOS.configUSE_IDLE_HOOK=0
FREERTOS.configUSE_MALLOC_FAILED_HOOK=0
FREERTOS.configUSE_MUTEXES=1
FREERTOS.configUSE_NEWLIB_REENTRANT=0
FREERTOS.configUSE_OS2_EVENTFLAGS_FROM_ISR=1
FREERTOS.configUSE_OS2_MUTEX=1
FREERTOS.configUSE_OS2_THREAD_ENUMERATE=1
FREERTOS.configUSE_OS2_THREAD_FLAGS=1
FREERTOS.configUSE_OS2_THREAD_SUSPEND_RESUME=1
FREERTOS.configUSE_OS2_TIMER=1
FREERTOS.configUSE_POSIX_ERRNO=0
FREERTOS.configUSE_PREEMPTION=1
FREERTOS.configUSE_RECURSIVE_MUTEXES=1
FREERTOS.configUSE_STATS_FORMATTING_FUNCTIONS=0
FREERTOS.configUSE_TASK_NOTIFICATIONS=1
FREERTOS.configUSE_TICKLESS_IDLE=0
FREERTOS.configUSE_TICK_HOOK=0
FREERTOS.configUSE_TRACE_FACILITY=1
FREERTOS.copyHeapFile=1
File.Version=6
GPIO.groupedBy=
I2C3.AddressingMode=I2C_ADDRESSINGMODE_7BIT
I2C3.Analog_Filter=I2C_ANALOGFILTER_ENABLE
I2C3.CustomTiming=Disabled
I2C3.DualAddressMode=I2C_DUALADDRESS_DISABLE
I2C3.GeneralCallMode=I2C_GENERALCALL_DISABLE
I2C3.I2C_Coeff_DF=0
I2C3.I2C_Fall_Time=0
I2C3.I2C_Rise_Time=0
I2C3.I2C_Speed_Mode=I2C_Standard
I2C3.IPParameters=CustomTiming,I2C_Speed_Mode,Speed,I2C_Rise_Time,I2C_Fall_Time,I2C_Coeff_DF,Analog_Filter,NoStretchMode,GeneralCallMode,AddressingMode,DualAddressMode,OwnAddress,Timing
I2C3.NoStretchMode=I2C_NOSTRETCH_DISABLE
I2C3.OwnAddress=0
I2C3.Speed=100
I2C3.Timing=0x30A0A7FB
KeepUserPlacement=false
Mcu.CPN=STM32G474RET6
Mcu.Family=STM32G4
Mcu.IP0=ADC1
Mcu.IP1=ADC2
Mcu.IP10=SPI1
Mcu.IP11=SPI3
Mcu.IP12=SYS
Mcu.IP13=TIM1
Mcu.IP14=USART1
Mcu.IP15=USB
Mcu.IP2=COMP1
Mcu.IP3=COMP2
Mcu.IP4=COMP3
Mcu.IP5=FDCAN1
Mcu.IP6=FREERTOS
Mcu.IP7=I2C3
Mcu.IP8=NVIC
Mcu.IP9=RCC
Mcu.IPNb=16
Mcu.Name=STM32G474R(B-C-E)Tx
Mcu.Package=LQFP64
Mcu.Pin0=PF0-OSC_IN
Mcu.Pin1=PF1-OSC_OUT
Mcu.Pin10=PA6
Mcu.Pin11=PA7
Mcu.Pin12=PC4
Mcu.Pin13=PC5
Mcu.Pin14=PB0
Mcu.Pin15=PB1
Mcu.Pin16=PB11
Mcu.Pin17=PB12
Mcu.Pin18=PB13
Mcu.Pin19=PB14
Mcu.Pin2=PC0
Mcu.Pin20=PB15
Mcu.Pin21=PC7
Mcu.Pin22=PC8
Mcu.Pin23=PC9
Mcu.Pin24=PA8
Mcu.Pin25=PA9
Mcu.Pin26=PA10
Mcu.Pin27=PA11
Mcu.Pin28=PA12
Mcu.Pin29=PA13
Mcu.Pin3=PC1
Mcu.Pin30=PA14
Mcu.Pin31=PA15
Mcu.Pin32=PC10
Mcu.Pin33=PC11
Mcu.Pin34=PC12
Mcu.Pin35=PD2
Mcu.Pin36=PB3
Mcu.Pin37=PB4
Mcu.Pin38=PB5
Mcu.Pin39=PB6
Mcu.Pin4=PA0
Mcu.Pin40=PB7
Mcu.Pin41=PB8-BOOT0
Mcu.Pin42=PB9
Mcu.Pin43=VP_FREERTOS_VS_CMSIS_V2
Mcu.Pin44=VP_SYS_VS_tim6
Mcu.Pin45=VP_SYS_VS_DBSignals
Mcu.Pin5=PA1
Mcu.Pin6=PA2
Mcu.Pin7=PA3
Mcu.Pin8=PA4
Mcu.Pin9=PA5
Mcu.PinsNb=46
Mcu.ThirdPartyNb=0
Mcu.UserConstants=
Mcu.UserName=STM32G474RETx
MxCube.Version=6.6.1
MxDb.Version=DB.6.0.60
NVIC.BusFault_IRQn=true\:0\:0\:false\:false\:true\:false\:false\:false\:false
NVIC.DebugMonitor_IRQn=true\:0\:0\:false\:false\:true\:false\:false\:false\:false
NVIC.EXTI9_5_IRQn=true\:5\:0\:false\:false\:true\:true\:true\:true\:true
NVIC.ForceEnableDMAVector=true
NVIC.HardFault_IRQn=true\:0\:0\:false\:false\:true\:false\:false\:false\:false
NVIC.MemoryManagement_IRQn=true\:0\:0\:false\:false\:true\:false\:false\:false\:false
NVIC.NonMaskableInt_IRQn=true\:0\:0\:false\:false\:true\:false\:false\:false\:false
NVIC.PendSV_IRQn=true\:15\:0\:false\:false\:false\:true\:false\:false\:false
NVIC.PriorityGroup=NVIC_PRIORITYGROUP_4
NVIC.SVCall_IRQn=true\:0\:0\:false\:false\:false\:false\:false\:false\:false
NVIC.SavedPendsvIrqHandlerGenerated=true
NVIC.SavedSvcallIrqHandlerGenerated=true
NVIC.SavedSystickIrqHandlerGenerated=true
NVIC.SysTick_IRQn=true\:15\:0\:false\:false\:false\:true\:true\:false\:false
NVIC.TIM6_DAC_IRQn=true\:15\:0\:false\:false\:true\:false\:true\:true\:true
NVIC.TimeBase=TIM6_DAC_IRQn
NVIC.TimeBaseIP=TIM6
NVIC.UsageFault_IRQn=true\:0\:0\:false\:false\:true\:false\:false\:false\:false
PA0.Locked=true
PA0.Mode=INM
PA0.Signal=COMP1_INM
PA1.Signal=SharedAnalog_PA1
PA10.Locked=true
PA10.Signal=S_TIM1_CH3
PA11.Locked=true
PA11.Mode=Device
PA11.Signal=USB_DM
PA12.Mode=Device
PA12.Signal=USB_DP
PA13.Mode=Serial_Wire
PA13.Signal=SYS_JTMS-SWDIO
PA14.Mode=Serial_Wire
PA14.Signal=SYS_JTCK-SWCLK
PA15.GPIOParameters=PinState,GPIO_Label
PA15.GPIO_Label=SPI3_CS
PA15.Locked=true
PA15.PinState=GPIO_PIN_SET
PA15.Signal=GPIO_Output
PA2.Locked=true
PA2.Mode=INM
PA2.Signal=COMP2_INM
PA3.Signal=SharedAnalog_PA3
PA4.Locked=true
PA4.Mode=IN17-Single-Ended
PA4.Signal=ADC2_IN17
PA5.Locked=true
PA5.Mode=IN13-Single-Ended
PA5.Signal=ADC2_IN13
PA6.Locked=true
PA6.Mode=IN3-Single-Ended
PA6.Signal=ADC2_IN3
PA7.Locked=true
PA7.Mode=IN4-Single-Ended
PA7.Signal=ADC2_IN4
PA8.Locked=true
PA8.Signal=S_TIM1_CH1
PA9.Locked=true
PA9.Signal=S_TIM1_CH2
PB0.Locked=true
PB0.Signal=GPIO_Input
PB1.Locked=true
PB1.Signal=GPIO_Input
PB11.GPIOParameters=GPIO_Label
PB11.GPIO_Label=CAL
PB11.Locked=true
PB11.Signal=GPIO_Output
PB12.GPIOParameters=GPIO_Label
PB12.GPIO_Label=DRV_EN
PB12.Locked=true
PB12.Signal=GPIO_Output
PB13.Locked=true
PB13.Mode=PWM Generation1 CH1 CH1N
PB13.Signal=TIM1_CH1N
PB14.Locked=true
PB14.Mode=PWM Generation2 CH2 CH2N
PB14.Signal=TIM1_CH2N
PB15.Locked=true
PB15.Mode=PWM Generation3 CH3 CH3N
PB15.Signal=TIM1_CH3N
PB3.Locked=true
PB3.Mode=Full_Duplex_Master
PB3.Signal=SPI1_SCK
PB4.Locked=true
PB4.Mode=Full_Duplex_Master
PB4.Signal=SPI1_MISO
PB5.Locked=true
PB5.Mode=Full_Duplex_Master
PB5.Signal=SPI1_MOSI
PB6.Locked=true
PB6.Mode=Asynchronous
PB6.Signal=USART1_TX
PB7.Locked=true
PB7.Mode=Asynchronous
PB7.Signal=USART1_RX
PB8-BOOT0.Locked=true
PB8-BOOT0.Mode=FDCAN_Activate
PB8-BOOT0.Signal=FDCAN1_RX
PB9.Locked=true
PB9.Mode=FDCAN_Activate
PB9.Signal=FDCAN1_TX
PC0.Locked=true
PC0.Mode=INM
PC0.Signal=COMP3_INM
PC1.Signal=SharedAnalog_PC1
PC10.Mode=Full_Duplex_Master
PC10.Signal=SPI3_SCK
PC11.Mode=Full_Duplex_Master
PC11.Signal=SPI3_MISO
PC12.Mode=Full_Duplex_Master
PC12.Signal=SPI3_MOSI
PC4.Locked=true
PC4.Signal=GPIO_Input
PC5.Locked=true
PC5.Signal=GPIO_Input
PC7.GPIOParameters=GPIO_Label,GPIO_ModeDefaultEXTI
PC7.GPIO_Label=nFAULT
PC7.GPIO_ModeDefaultEXTI=GPIO_MODE_IT_FALLING
PC7.Locked=true
PC7.Signal=GPXTI7
PC8.Locked=true
PC8.Mode=I2C
PC8.Signal=I2C3_SCL
PC9.Locked=true
PC9.Mode=I2C
PC9.Signal=I2C3_SDA
PD2.GPIOParameters=PinState,GPIO_Label
PD2.GPIO_Label=SPI1_CS
PD2.Locked=true
PD2.PinState=GPIO_PIN_SET
PD2.Signal=GPIO_Output
PF0-OSC_IN.Mode=HSE-External-Oscillator
PF0-OSC_IN.Signal=RCC_OSC_IN
PF1-OSC_OUT.Mode=HSE-External-Oscillator
PF1-OSC_OUT.Signal=RCC_OSC_OUT
PinOutPanel.RotationAngle=0
ProjectManager.AskForMigrate=true
ProjectManager.BackupPrevious=false
ProjectManager.CompilerOptimize=6
ProjectManager.ComputerToolchain=false
ProjectManager.CoupleFile=true
ProjectManager.CustomerFirmwarePackage=
ProjectManager.DefaultFWLocation=true
ProjectManager.DeletePrevious=true
ProjectManager.DeviceId=STM32G474RETx
ProjectManager.FirmwarePackage=STM32Cube FW_G4 V1.5.2
ProjectManager.FreePins=false
ProjectManager.HalAssertFull=false
ProjectManager.HeapSize=0x200
ProjectManager.KeepUserCode=true
ProjectManager.LastFirmware=true
ProjectManager.LibraryCopy=1
ProjectManager.MainLocation=Core/Src
ProjectManager.NoMain=false
ProjectManager.PreviousToolchain=
ProjectManager.ProjectBuild=false
ProjectManager.ProjectFileName=foc_prjv1.ioc
ProjectManager.ProjectName=foc_prjv1
ProjectManager.RegisterCallBack=
ProjectManager.StackSize=0x400
ProjectManager.TargetToolchain=MDK-ARM V5.32
ProjectManager.ToolChainLocation=
ProjectManager.UnderRoot=false
ProjectManager.functionlistsort=1-SystemClock_Config-RCC-false-HAL-false,2-MX_GPIO_Init-GPIO-false-HAL-true,3-MX_SPI1_Init-SPI1-false-HAL-true,4-MX_TIM1_Init-TIM1-false-HAL-true,5-MX_I2C3_Init-I2C3-false-HAL-true,6-MX_SPI3_Init-SPI3-false-HAL-true,7-MX_USART1_UART_Init-USART1-false-HAL-true,8-MX_ADC2_Init-ADC2-false-HAL-true,9-MX_ADC1_Init-ADC1-false-HAL-true,10-MX_FDCAN1_Init-FDCAN1-false-HAL-true,11-MX_USB_PCD_Init-USB-false-HAL-true,12-MX_COMP1_Init-COMP1-false-HAL-true,13-MX_COMP2_Init-COMP2-false-HAL-true,14-MX_COMP3_Init-COMP3-false-HAL-true
RCC.ADC12Freq_Value=170000000
RCC.ADC345Freq_Value=170000000
RCC.AHBFreq_Value=170000000
RCC.APB1Freq_Value=170000000
RCC.APB1TimFreq_Value=170000000
RCC.APB2Freq_Value=170000000
RCC.APB2TimFreq_Value=170000000
RCC.CK48CLockSelection=RCC_USBCLKSOURCE_HSI48
RCC.CRSFreq_Value=48000000
RCC.CortexFreq_Value=170000000
RCC.EXTERNAL_CLOCK_VALUE=12288000
RCC.FCLKCortexFreq_Value=170000000
RCC.FDCANFreq_Value=170000000
RCC.FamilyName=M
RCC.HCLKFreq_Value=170000000
RCC.HRTIM1Freq_Value=170000000
RCC.HSE_VALUE=8000000
RCC.HSI48_VALUE=48000000
RCC.HSI_VALUE=16000000
RCC.I2C1Freq_Value=170000000
RCC.I2C2Freq_Value=170000000
RCC.I2C3Freq_Value=170000000
RCC.I2C4Freq_Value=170000000
RCC.I2SFreq_Value=170000000
RCC.IPParameters=ADC12Freq_Value,ADC345Freq_Value,AHBFreq_Value,APB1Freq_Value,APB1TimFreq_Value,APB2Freq_Value,APB2TimFreq_Value,CK48CLockSelection,CRSFreq_Value,CortexFreq_Value,EXTERNAL_CLOCK_VALUE,FCLKCortexFreq_Value,FDCANFreq_Value,FamilyName,HCLKFreq_Value,HRTIM1Freq_Value,HSE_VALUE,HSI48_VALUE,HSI_VALUE,I2C1Freq_Value,I2C2Freq_Value,I2C3Freq_Value,I2C4Freq_Value,I2SFreq_Value,LPTIM1Freq_Value,LPUART1Freq_Value,LSCOPinFreq_Value,LSE_VALUE,LSI_VALUE,MCO1PinFreq_Value,PLLM,PLLN,PLLPoutputFreq_Value,PLLQ,PLLQoutputFreq_Value,PLLRCLKFreq_Value,PLLSourceVirtual,PWRFreq_Value,QSPIFreq_Value,RNGFreq_Value,SAI1Freq_Value,SYSCLKFreq_VALUE,SYSCLKSource,UART4Freq_Value,UART5Freq_Value,USART1Freq_Value,USART2Freq_Value,USART3Freq_Value,USBFreq_Value,VCOInputFreq_Value,VCOOutputFreq_Value
RCC.LPTIM1Freq_Value=170000000
RCC.LPUART1Freq_Value=170000000
RCC.LSCOPinFreq_Value=32000
RCC.LSE_VALUE=32768
RCC.LSI_VALUE=32000
RCC.MCO1PinFreq_Value=16000000
RCC.PLLM=RCC_PLLM_DIV2
RCC.PLLN=85
RCC.PLLPoutputFreq_Value=170000000
RCC.PLLQ=RCC_PLLQ_DIV6
RCC.PLLQoutputFreq_Value=56666666.666666664
RCC.PLLRCLKFreq_Value=170000000
RCC.PLLSourceVirtual=RCC_PLLSOURCE_HSE
RCC.PWRFreq_Value=170000000
RCC.QSPIFreq_Value=170000000
RCC.RNGFreq_Value=48000000
RCC.SAI1Freq_Value=170000000
RCC.SYSCLKFreq_VALUE=170000000
RCC.SYSCLKSource=RCC_SYSCLKSOURCE_PLLCLK
RCC.UART4Freq_Value=170000000
RCC.UART5Freq_Value=170000000
RCC.USART1Freq_Value=170000000
RCC.USART2Freq_Value=170000000
RCC.USART3Freq_Value=170000000
RCC.USBFreq_Value=48000000
RCC.VCOInputFreq_Value=4000000
RCC.VCOOutputFreq_Value=340000000
SH.GPXTI7.0=GPIO_EXTI7
SH.GPXTI7.ConfNb=1
SH.S_TIM1_CH1.0=TIM1_CH1,PWM Generation1 CH1 CH1N
SH.S_TIM1_CH1.ConfNb=1
SH.S_TIM1_CH2.0=TIM1_CH2,PWM Generation2 CH2 CH2N
SH.S_TIM1_CH2.ConfNb=1
SH.S_TIM1_CH3.0=TIM1_CH3,PWM Generation3 CH3 CH3N
SH.S_TIM1_CH3.ConfNb=1
SH.SharedAnalog_PA1.0=COMP1_INP,INP
SH.SharedAnalog_PA1.1=ADC1_IN2,IN2-Single-Ended
SH.SharedAnalog_PA1.ConfNb=2
SH.SharedAnalog_PA3.0=COMP2_INP,INP
SH.SharedAnalog_PA3.1=ADC1_IN4,IN4-Single-Ended
SH.SharedAnalog_PA3.ConfNb=2
SH.SharedAnalog_PC1.0=COMP3_INP,INP
SH.SharedAnalog_PC1.1=ADC1_IN7,IN7-Single-Ended
SH.SharedAnalog_PC1.ConfNb=2
SPI1.BaudRatePrescaler=SPI_BAUDRATEPRESCALER_128
SPI1.CLKPhase=SPI_PHASE_2EDGE
SPI1.CLKPolarity=SPI_POLARITY_LOW
SPI1.CRCCalculation=SPI_CRCCALCULATION_DISABLE
SPI1.CalculateBaudRate=1.328125 MBits/s
SPI1.DataSize=SPI_DATASIZE_16BIT
SPI1.Direction=SPI_DIRECTION_2LINES
SPI1.FirstBit=SPI_FIRSTBIT_MSB
SPI1.IPParameters=TIMode,DataSize,FirstBit,BaudRatePrescaler,CLKPolarity,CLKPhase,CRCCalculation,NSS,VirtualType,Mode,Direction,CalculateBaudRate
SPI1.Mode=SPI_MODE_MASTER
SPI1.NSS=SPI_NSS_SOFT
SPI1.TIMode=SPI_TIMODE_DISABLE
SPI1.VirtualType=VM_MASTER
SPI3.BaudRatePrescaler=SPI_BAUDRATEPRESCALER_128
SPI3.CLKPhase=SPI_PHASE_1EDGE
SPI3.CLKPolarity=SPI_POLARITY_LOW
SPI3.CRCCalculation=SPI_CRCCALCULATION_DISABLE
SPI3.CalculateBaudRate=1.328125 MBits/s
SPI3.DataSize=SPI_DATASIZE_4BIT
SPI3.Direction=SPI_DIRECTION_2LINES
SPI3.FirstBit=SPI_FIRSTBIT_MSB
SPI3.IPParameters=TIMode,DataSize,FirstBit,BaudRatePrescaler,CLKPolarity,CLKPhase,CRCCalculation,NSSPMode,NSS,VirtualType,Mode,Direction,CalculateBaudRate
SPI3.Mode=SPI_MODE_MASTER
SPI3.NSS=SPI_NSS_SOFT
SPI3.NSSPMode=SPI_NSS_PULSE_ENABLE
SPI3.TIMode=SPI_TIMODE_DISABLE
SPI3.VirtualType=VM_MASTER
TIM1.AsymmetricalDeadTime=DISABLE
TIM1.AutoReloadPreload=TIM_AUTORELOAD_PRELOAD_ENABLE
TIM1.AutomaticOutput=TIM_AUTOMATICOUTPUT_DISABLE
TIM1.Break2Filter=0
TIM1.Break2Polarity=TIM_BREAK2POLARITY_HIGH
TIM1.Break2State=TIM_BREAK2_DISABLE
TIM1.BreakFilter=0
TIM1.BreakPolarity=TIM_BREAKPOLARITY_HIGH
TIM1.BreakState=TIM_BREAK_DISABLE
TIM1.Channel-PWM\ Generation1\ CH1\ CH1N=TIM_CHANNEL_1
TIM1.Channel-PWM\ Generation2\ CH2\ CH2N=TIM_CHANNEL_2
TIM1.Channel-PWM\ Generation3\ CH3\ CH3N=TIM_CHANNEL_3
TIM1.ClearInputSource=TIM_CLEARINPUTSOURCE_NONE
TIM1.ClockDivision=TIM_CLOCKDIVISION_DIV1
TIM1.CounterMode=TIM_COUNTERMODE_CENTERALIGNED1
TIM1.DeadTime=85
TIM1.DeadTimePreload=DISABLE
TIM1.Dithering=Disable
TIM1.IPParameters=Prescaler,CounterMode,Dithering,PeriodNoDither,ClockDivision,RepetitionCounter,AutoReloadPreload,TIM_MasterSlaveMode,TIM_MasterOutputTrigger,TIM_MasterOutputTrigger2,BreakState,BreakPolarity,BreakFilter,SourceBRKDigInput,SourceBRKCOMP1,SourceBRKCOMP2,SourceBRKCOMP3,SourceBRKCOMP4,SourceBRKCOMP5,SourceBRKCOMP6,SourceBRKCOMP7,Break2State,Break2Polarity,Break2Filter,SourceBRK2DigInput,SourceBRK2COMP1,SourceBRK2COMP2,SourceBRK2COMP3,SourceBRK2COMP4,SourceBRK2COMP5,SourceBRK2COMP6,SourceBRK2COMP7,AutomaticOutput,OffStateRunMode,OffStateIDLEMode,LockLevel,DeadTimePreload,DeadTime,AsymmetricalDeadTime,ClearInputSource,OCMode_PWM-PWM Generation1 CH1 CH1N,PulseNoDither_1,OC1Preload_PWM,OCFastMode_PWM-PWM Generation1 CH1 CH1N,OCPolarity_1,OCNPolarity_1,OCIdleState_1,OCNIdleState_1,OCMode_PWM-PWM Generation2 CH2 CH2N,PulseNoDither_2,OC2Preload_PWM,OCFastMode_PWM-PWM Generation2 CH2 CH2N,OCPolarity_2,OCNPolarity_2,OCIdleState_2,OCNIdleState_2,OCMode_PWM-PWM Generation3 CH3 CH3N,PulseNoDither_3,OC3Preload_PWM,OCFastMode_PWM-PWM Generation3 CH3 CH3N,OCPolarity_3,OCNPolarity_3,OCIdleState_3,OCNIdleState_3,Channel-PWM Generation1 CH1 CH1N,Channel-PWM Generation2 CH2 CH2N,Channel-PWM Generation3 CH3 CH3N
TIM1.LockLevel=TIM_LOCKLEVEL_OFF
TIM1.OC1Preload_PWM=ENABLE
TIM1.OC2Preload_PWM=ENABLE
TIM1.OC3Preload_PWM=ENABLE
TIM1.OCFastMode_PWM-PWM\ Generation1\ CH1\ CH1N=TIM_OCFAST_DISABLE
TIM1.OCFastMode_PWM-PWM\ Generation2\ CH2\ CH2N=TIM_OCFAST_DISABLE
TIM1.OCFastMode_PWM-PWM\ Generation3\ CH3\ CH3N=TIM_OCFAST_DISABLE
TIM1.OCIdleState_1=TIM_OCIDLESTATE_RESET
TIM1.OCIdleState_2=TIM_OCIDLESTATE_RESET
TIM1.OCIdleState_3=TIM_OCIDLESTATE_RESET
TIM1.OCMode_PWM-PWM\ Generation1\ CH1\ CH1N=TIM_OCMODE_PWM1
TIM1.OCMode_PWM-PWM\ Generation2\ CH2\ CH2N=TIM_OCMODE_PWM1
TIM1.OCMode_PWM-PWM\ Generation3\ CH3\ CH3N=TIM_OCMODE_PWM1
TIM1.OCNIdleState_1=TIM_OCNIDLESTATE_RESET
TIM1.OCNIdleState_2=TIM_OCNIDLESTATE_RESET
TIM1.OCNIdleState_3=TIM_OCNIDLESTATE_RESET
TIM1.OCNPolarity_1=TIM_OCNPOLARITY_HIGH
TIM1.OCNPolarity_2=TIM_OCNPOLARITY_HIGH
TIM1.OCNPolarity_3=TIM_OCNPOLARITY_HIGH
TIM1.OCPolarity_1=TIM_OCPOLARITY_HIGH
TIM1.OCPolarity_2=TIM_OCPOLARITY_HIGH
TIM1.OCPolarity_3=TIM_OCPOLARITY_HIGH
TIM1.OffStateIDLEMode=TIM_OSSI_DISABLE
TIM1.OffStateRunMode=TIM_OSSR_DISABLE
TIM1.PeriodNoDither=4249
TIM1.Prescaler=0
TIM1.PulseNoDither_1=0
TIM1.PulseNoDither_2=0
TIM1.PulseNoDither_3=0
TIM1.RepetitionCounter=0
TIM1.SourceBRK2COMP1=TIM_BREAKINPUTSOURCE_DISABLE
TIM1.SourceBRK2COMP2=TIM_BREAKINPUTSOURCE_DISABLE
TIM1.SourceBRK2COMP3=TIM_BREAKINPUTSOURCE_DISABLE
TIM1.SourceBRK2COMP4=TIM_BREAKINPUTSOURCE_DISABLE
TIM1.SourceBRK2COMP5=TIM_BREAKINPUTSOURCE_DISABLE
TIM1.SourceBRK2COMP6=TIM_BREAKINPUTSOURCE_DISABLE
TIM1.SourceBRK2COMP7=TIM_BREAKINPUTSOURCE_DISABLE
TIM1.SourceBRK2DigInput=TIM_BREAKINPUTSOURCE_DISABLE
TIM1.SourceBRKCOMP1=TIM_BREAKINPUTSOURCE_DISABLE
TIM1.SourceBRKCOMP2=TIM_BREAKINPUTSOURCE_DISABLE
TIM1.SourceBRKCOMP3=TIM_BREAKINPUTSOURCE_DISABLE
TIM1.SourceBRKCOMP4=TIM_BREAKINPUTSOURCE_DISABLE
TIM1.SourceBRKCOMP5=TIM_BREAKINPUTSOURCE_DISABLE
TIM1.SourceBRKCOMP6=TIM_BREAKINPUTSOURCE_DISABLE
TIM1.SourceBRKCOMP7=TIM_BREAKINPUTSOURCE_DISABLE
TIM1.SourceBRKDigInput=TIM_BREAKINPUTSOURCE_DISABLE
TIM1.TIM_MasterOutputTrigger=TIM_TRGO_RESET
TIM1.TIM_MasterOutputTrigger2=TIM_TRGO2_RESET
TIM1.TIM_MasterSlaveMode=TIM_MASTERSLAVEMODE_DISABLE
USART1.AutoBaudRateEnableParam=UART_ADVFEATURE_AUTOBAUDRATE_DISABLE
USART1.BaudRate=115200
USART1.ClockPrescaler=PRESCALER_DIV1
USART1.DMADisableonRxErrorParam=ADVFEATURE_DMA_ENABLEONRXERROR
USART1.DataInvertParam=ADVFEATURE_DATAINV_DISABLE
USART1.FIFOMode=FIFOMODE_DISABLE
USART1.IPParameters=BaudRate,WordLength,Parity,StopBits,Mode,OverSampling,OneBitSampling,ClockPrescaler,FIFOMode,TXFIFOThreshold,RXFIFOThreshold,AutoBaudRateEnableParam,TxPinLevelInvertParam,RxPinLevelInvertParam,DataInvertParam,SwapParam,OverrunDisableParam,DMADisableonRxErrorParam,MSBFirstParam,VirtualMode-Asynchronous
USART1.MSBFirstParam=ADVFEATURE_MSBFIRST_DISABLE
USART1.Mode=MODE_TX_RX
USART1.OneBitSampling=UART_ONE_BIT_SAMPLE_DISABLE
USART1.OverSampling=UART_OVERSAMPLING_16
USART1.OverrunDisableParam=ADVFEATURE_OVERRUN_ENABLE
USART1.Parity=PARITY_NONE
USART1.RXFIFOThreshold=RXFIFO_THRESHOLD_1EIGHTHFULL
USART1.RxPinLevelInvertParam=ADVFEATURE_RXINV_DISABLE
USART1.StopBits=STOPBITS_1
USART1.SwapParam=ADVFEATURE_SWAP_DISABLE
USART1.TXFIFOThreshold=TXFIFO_THRESHOLD_1EIGHTHFULL
USART1.TxPinLevelInvertParam=ADVFEATURE_TXINV_DISABLE
USART1.VirtualMode-Asynchronous=VM_ASYNC
USART1.WordLength=WORDLENGTH_8B
USB.DeviceSpeed=PCD_SPEED_FULL
USB.IPParameters=DeviceSpeed,phy_itface,Sof_enable,low_power_enable,lpm_enable,battery_charging_enable
USB.Sof_enable=DISABLE
USB.battery_charging_enable=DISABLE
USB.low_power_enable=DISABLE
USB.lpm_enable=DISABLE
USB.phy_itface=PCD_PHY_EMBEDDED
VP_FREERTOS_VS_CMSIS_V2.Mode=CMSIS_V2
VP_FREERTOS_VS_CMSIS_V2.Signal=FREERTOS_VS_CMSIS_V2
VP_SYS_VS_DBSignals.Mode=DisableDeadBatterySignals
VP_SYS_VS_DBSignals.Signal=SYS_VS_DBSignals
VP_SYS_VS_tim6.Mode=TIM6
VP_SYS_VS_tim6.Signal=SYS_VS_tim6
board=custom
